
Microsoft Visual Studio Solution File, Format Version 12.00
# Visual Studio 15
VisualStudioVersion = 15.0.28307.779
MinimumVisualStudioVersion = 10.0.40219.1
Project("{FAE04EC0-301F-11D3-BF4B-00C04F79EFBC}") = "SillySeafoodWebApp", "SillySeafoodWebApp\SillySeafoodWebApp.csproj", "{E32EA21F-DA24-434E-BC26-41FF6D6B2181}"
EndProject
Global
	GlobalSection(SolutionConfigurationPlatforms) = preSolution
		Debug|Any CPU = Debug|Any CPU
		Release|Any CPU = Release|Any CPU
	EndGlobalSection
	GlobalSection(ProjectConfigurationPlatforms) = postSolution
		{E32EA21F-DA24-434E-BC26-41FF6D6B2181}.Debug|Any CPU.ActiveCfg = Debug|Any CPU
		{E32EA21F-DA24-434E-BC26-41FF6D6B2181}.Debug|Any CPU.Build.0 = Debug|Any CPU
		{E32EA21F-DA24-434E-BC26-41FF6D6B2181}.Release|Any CPU.ActiveCfg = Release|Any CPU
		{E32EA21F-DA24-434E-BC26-41FF6D6B2181}.Release|Any CPU.Build.0 = Release|Any CPU
	EndGlobalSection
	GlobalSection(SolutionProperties) = preSolution
		HideSolutionNode = FALSE
	EndGlobalSection
	GlobalSection(ExtensibilityGlobals) = postSolution
		SolutionGuid = {A8CF6AA5-0FB2-40C2-99BB-0C313465F73B}
	EndGlobalSection
EndGlobal
